
Microsoft Visual Studio Solution File, Format Version 12.00
# Visual Studio Version 17
VisualStudioVersion = 17.3.32901.215
MinimumVisualStudioVersion = 10.0.40219.1
Project("{FAE04EC0-301F-11D3-BF4B-00C04F79EFBC}") = "Auvo", "Auvo\Auvo.csproj", "{B8C1A007-D6E7-4850-B22B-A49389AF6B6E}"
EndProject
Global
	GlobalSection(SolutionConfigurationPlatforms) = preSolution
		Debug|Any CPU = Debug|Any CPU
		Release|Any CPU = Release|Any CPU
	EndGlobalSection
	GlobalSection(ProjectConfigurationPlatforms) = postSolution
		{B8C1A007-D6E7-4850-B22B-A49389AF6B6E}.Debug|Any CPU.ActiveCfg = Debug|Any CPU
		{B8C1A007-D6E7-4850-B22B-A49389AF6B6E}.Debug|Any CPU.Build.0 = Debug|Any CPU
		{B8C1A007-D6E7-4850-B22B-A49389AF6B6E}.Release|Any CPU.ActiveCfg = Release|Any CPU
		{B8C1A007-D6E7-4850-B22B-A49389AF6B6E}.Release|Any CPU.Build.0 = Release|Any CPU
	EndGlobalSection
	GlobalSection(SolutionProperties) = preSolution
		HideSolutionNode = FALSE
	EndGlobalSection
	GlobalSection(ExtensibilityGlobals) = postSolution
		SolutionGuid = {5107ED6F-F4C5-4862-BB71-192A3A3086E0}
	EndGlobalSection
EndGlobal
